
Microsoft Visual Studio Solution File, Format Version 12.00
# Visual Studio 15
Project("{FAE04EC0-301F-11D3-BF4B-00C04F79EFBC}") = "Assembly-CSharp-Editor", "Assembly-CSharp-Editor.csproj", "{95C7BA4F-3191-7469-02CA-076B7E482E38}"
EndProject
Project("{FAE04EC0-301F-11D3-BF4B-00C04F79EFBC}") = "Assembly-CSharp", "Assembly-CSharp.csproj", "{A091558D-3B94-BC7A-D116-F22EC7FA9CE4}"
EndProject
Global
	GlobalSection(SolutionConfigurationPlatforms) = preSolution
		Debug|Any CPU = Debug|Any CPU
		Release|Any CPU = Release|Any CPU
	EndGlobalSection
	GlobalSection(ProjectConfigurationPlatforms) = postSolution
		{95C7BA4F-3191-7469-02CA-076B7E482E38}.Debug|Any CPU.ActiveCfg = Debug|Any CPU
		{95C7BA4F-3191-7469-02CA-076B7E482E38}.Debug|Any CPU.Build.0 = Debug|Any CPU
		{95C7BA4F-3191-7469-02CA-076B7E482E38}.Release|Any CPU.ActiveCfg = Release|Any CPU
		{95C7BA4F-3191-7469-02CA-076B7E482E38}.Release|Any CPU.Build.0 = Release|Any CPU
		{A091558D-3B94-BC7A-D116-F22EC7FA9CE4}.Debug|Any CPU.ActiveCfg = Debug|Any CPU
		{A091558D-3B94-BC7A-D116-F22EC7FA9CE4}.Debug|Any CPU.Build.0 = Debug|Any CPU
		{A091558D-3B94-BC7A-D116-F22EC7FA9CE4}.Release|Any CPU.ActiveCfg = Release|Any CPU
		{A091558D-3B94-BC7A-D116-F22EC7FA9CE4}.Release|Any CPU.Build.0 = Release|Any CPU
	EndGlobalSection
	GlobalSection(SolutionProperties) = preSolution
		HideSolutionNode = FALSE
	EndGlobalSection
EndGlobal
